
Microsoft Visual Studio Solution File, Format Version 12.00
# Visual Studio Version 16
VisualStudioVersion = 16.0.30804.86
MinimumVisualStudioVersion = 10.0.40219.1
Project("{FAE04EC0-301F-11D3-BF4B-00C04F79EFBC}") = "LAB3_ADST", "LAB3_ADST.csproj", "{93D6FCE1-167E-4AAB-8B05-249FA1563E38}"
EndProject
Global
	GlobalSection(SolutionConfigurationPlatforms) = preSolution
		Debug|Any CPU = Debug|Any CPU
		Release|Any CPU = Release|Any CPU
	EndGlobalSection
	GlobalSection(ProjectConfigurationPlatforms) = postSolution
		{93D6FCE1-167E-4AAB-8B05-249FA1563E38}.Debug|Any CPU.ActiveCfg = Debug|Any CPU
		{93D6FCE1-167E-4AAB-8B05-249FA1563E38}.Debug|Any CPU.Build.0 = Debug|Any CPU
		{93D6FCE1-167E-4AAB-8B05-249FA1563E38}.Release|Any CPU.ActiveCfg = Release|Any CPU
		{93D6FCE1-167E-4AAB-8B05-249FA1563E38}.Release|Any CPU.Build.0 = Release|Any CPU
	EndGlobalSection
	GlobalSection(SolutionProperties) = preSolution
		HideSolutionNode = FALSE
	EndGlobalSection
	GlobalSection(ExtensibilityGlobals) = postSolution
		SolutionGuid = {58E4CE97-6C7B-4BE7-931A-A890A2DBF6F7}
	EndGlobalSection
EndGlobal
